{
  "name": "@audio/stft-root",
  "version": "1.0.0",
  "lockfileVersion": 3,
  "requires": true,
  "packages": {
    "": {
      "name": "@audio/stft-root",
      "version": "1.0.0",
      "license": "MIT",
      "workspaces": [
        "packages/*"
      ],
      "devDependencies": {
        "tst": "^9.4.0"
      },
      "engines": {
        "node": ">=18"
      }
    },
    "node_modules/@audio/stft": {
      "resolved": "packages/stft",
      "link": true
    },
    "node_modules/@audio/window": {
      "resolved": "packages/window",
      "link": true
    },
    "node_modules/fourier-transform": {
      "version": "2.3.0",
      "resolved": "https://registry.npmjs.org/fourier-transform/-/fourier-transform-2.3.0.tgz",
      "integrity": "sha512-+Ki9tVP1a/1R3svMxeAFOr2FEQhjFdB9szYh2I8IEAUzSUbkV5K/e4hcPVNSjonUllImheK0O/Hoy/VPby6Iig==",
      "license": "MIT"
    },
    "node_modules/tst": {
      "version": "9.4.0",
      "resolved": "https://registry.npmjs.org/tst/-/tst-9.4.0.tgz",
      "integrity": "sha512-LFC1yasMqhvL9hBJdA07nozlfS1RGy/7uiBCwRZcQH9zB4+n7XpxwYszzK//WQ2JVOLAUgU3d8ABEcrFLZE0vg==",
      "dev": true,
      "license": "MIT"
    },
    "node_modules/window-function": {
      "version": "3.0.1",
      "resolved": "https://registry.npmjs.org/window-function/-/window-function-3.0.1.tgz",
      "integrity": "sha512-leNaeoOe+AWGGL7i3UYC1diwxi1XGdypk+mBTdETtj7ptYikvcY1hw2qGsT0zhDBta1L3ynYLW3HjZq8gsLJ1w==",
      "license": "MIT",
      "engines": {
        "node": ">=18"
      }
    },
    "packages/biquad": {
      "name": "@audio/biquad",
      "version": "1.0.0",
      "extraneous": true,
      "license": "MIT",
      "engines": {
        "node": ">=18"
      }
    },
    "packages/stft": {
      "name": "@audio/stft",
      "version": "1.0.1",
      "license": "MIT",
      "dependencies": {
        "fourier-transform": "^2.3.0"
      },
      "engines": {
        "node": ">=18"
      }
    },
    "packages/window": {
      "name": "@audio/window",
      "version": "1.0.1",
      "license": "MIT",
      "dependencies": {
        "window-function": "^3.0.1"
      },
      "engines": {
        "node": ">=18"
      }
    }
  }
}
